
Microsoft Visual Studio Solution File, Format Version 12.00
# Visual Studio 2013
VisualStudioVersion = 12.0.21005.1
MinimumVisualStudioVersion = 10.0.40219.1
Project("{8BC9CEB8-8B4A-11D0-8D11-00A0C91BC942}") = "PatchMatchStereo", "PatchMatchStereo\PatchMatchStereo.vcxproj", "{B86DD624-418B-4064-B248-2B5BC80BFA2F}"
EndProject
Project("{8BC9CEB8-8B4A-11D0-8D11-00A0C91BC942}") = "Test", "Test\Test.vcxproj", "{7184A8F8-6C07-44E2-B937-59C166D56407}"
EndProject
Global
	GlobalSection(SolutionConfigurationPlatforms) = preSolution
		Debug|Mixed Platforms = Debug|Mixed Platforms
		Debug|Win32 = Debug|Win32
		Debug|x64 = Debug|x64
		Release|Mixed Platforms = Release|Mixed Platforms
		Release|Win32 = Release|Win32
		Release|x64 = Release|x64
	EndGlobalSection
	GlobalSection(ProjectConfigurationPlatforms) = postSolution
		{B86DD624-418B-4064-B248-2B5BC80BFA2F}.Debug|Mixed Platforms.ActiveCfg = Debug|x64
		{B86DD624-418B-4064-B248-2B5BC80BFA2F}.Debug|Mixed Platforms.Build.0 = Debug|x64
		{B86DD624-418B-4064-B248-2B5BC80BFA2F}.Debug|Win32.ActiveCfg = Debug|Win32
		{B86DD624-418B-4064-B248-2B5BC80BFA2F}.Debug|Win32.Build.0 = Debug|Win32
		{B86DD624-418B-4064-B248-2B5BC80BFA2F}.Debug|x64.ActiveCfg = Debug|x64
		{B86DD624-418B-4064-B248-2B5BC80BFA2F}.Debug|x64.Build.0 = Debug|x64
		{B86DD624-418B-4064-B248-2B5BC80BFA2F}.Release|Mixed Platforms.ActiveCfg = Release|x64
		{B86DD624-418B-4064-B248-2B5BC80BFA2F}.Release|Mixed Platforms.Build.0 = Release|x64
		{B86DD624-418B-4064-B248-2B5BC80BFA2F}.Release|Win32.ActiveCfg = Release|Win32
		{B86DD624-418B-4064-B248-2B5BC80BFA2F}.Release|Win32.Build.0 = Release|Win32
		{B86DD624-418B-4064-B248-2B5BC80BFA2F}.Release|x64.ActiveCfg = Release|x64
		{B86DD624-418B-4064-B248-2B5BC80BFA2F}.Release|x64.Build.0 = Release|x64
		{7184A8F8-6C07-44E2-B937-59C166D56407}.Debug|Mixed Platforms.ActiveCfg = Debug|Win32
		{7184A8F8-6C07-44E2-B937-59C166D56407}.Debug|Mixed Platforms.Build.0 = Debug|Win32
		{7184A8F8-6C07-44E2-B937-59C166D56407}.Debug|Win32.ActiveCfg = Debug|Win32
		{7184A8F8-6C07-44E2-B937-59C166D56407}.Debug|Win32.Build.0 = Debug|Win32
		{7184A8F8-6C07-44E2-B937-59C166D56407}.Debug|x64.ActiveCfg = Debug|Win32
		{7184A8F8-6C07-44E2-B937-59C166D56407}.Release|Mixed Platforms.ActiveCfg = Release|Win32
		{7184A8F8-6C07-44E2-B937-59C166D56407}.Release|Mixed Platforms.Build.0 = Release|Win32
		{7184A8F8-6C07-44E2-B937-59C166D56407}.Release|Win32.ActiveCfg = Release|Win32
		{7184A8F8-6C07-44E2-B937-59C166D56407}.Release|Win32.Build.0 = Release|Win32
		{7184A8F8-6C07-44E2-B937-59C166D56407}.Release|x64.ActiveCfg = Release|Win32
	EndGlobalSection
	GlobalSection(SolutionProperties) = preSolution
		HideSolutionNode = FALSE
	EndGlobalSection
EndGlobal
